
Microsoft Visual Studio Solution File, Format Version 12.00
# Visual Studio Version 17
VisualStudioVersion = 17.6.33829.357
MinimumVisualStudioVersion = 10.0.40219.1
Project("{2150E333-8FDC-42A3-9474-1A3956D46DE8}") = "Task0", "Task0", "{A705C9DC-1C75-4FCC-A805-00A70326CCB9}"
EndProject
Project("{FAE04EC0-301F-11D3-BF4B-00C04F79EFBC}") = "Tyuiu.SmirnovIA.Sprint1.Task0.V23", "Tyuiu.SmirnovIA.Sprint1.Task0.V23\Tyuiu.SmirnovIA.Sprint1.Task0.V23.csproj", "{43768570-DD6B-4F7E-A9FE-BC27CDDA947F}"
EndProject
Project("{FAE04EC0-301F-11D3-BF4B-00C04F79EFBC}") = "Tyuiu.SmirnovIA.Sprint1.Task0.V23.Lib", "Tyuiu.SmirnovIA.Sprint1.Task0.V23.Lib\Tyuiu.SmirnovIA.Sprint1.Task0.V23.Lib.csproj", "{873ADDC9-C947-41FC-8ABB-1BAEA0FA4E0C}"
EndProject
Project("{FAE04EC0-301F-11D3-BF4B-00C04F79EFBC}") = "Tyuiu.SmirnovIA.Sprint1.Task0.V23.Test", "Tyuiu.SmirnovIA.Sprint1.Task0.V23.Test\Tyuiu.SmirnovIA.Sprint1.Task0.V23.Test.csproj", "{1FC758CE-2D23-410A-B813-DCC4A92141F8}"
EndProject
Project("{2150E333-8FDC-42A3-9474-1A3956D46DE8}") = "Task1", "Task1", "{FC498E80-F9D4-483C-861F-30D00C93B77B}"
EndProject
Project("{FAE04EC0-301F-11D3-BF4B-00C04F79EFBC}") = "Tyuiu.SmirnovIA.Sprint1.Task1.V22", "Tyuiu.SmirnovIA.Sprint1.Task1.V22\Tyuiu.SmirnovIA.Sprint1.Task1.V22.csproj", "{5385281F-63FC-4CB3-BD53-9ABDBE0B23D5}"
EndProject
Project("{FAE04EC0-301F-11D3-BF4B-00C04F79EFBC}") = "Tyuiu.SmirnovIA.Sprint1.Task1.V22.Lib", "Tyuiu.SmirnovIA.Sprint1.Task1.V22.Lib\Tyuiu.SmirnovIA.Sprint1.Task1.V22.Lib.csproj", "{EB3EFC1F-5EBD-41D8-8E19-77910E5AE1F1}"
EndProject
Project("{FAE04EC0-301F-11D3-BF4B-00C04F79EFBC}") = "Tyuiu.SmirnovIA.Sprint1.Task1.V22.Test", "Tyuiu.SmirnovIA.Sprint1.Task1.V22.Test\Tyuiu.SmirnovIA.Sprint1.Task1.V22.Test.csproj", "{56AB27A0-BE07-4B23-A91A-55EE7D0409D5}"
EndProject
Project("{2150E333-8FDC-42A3-9474-1A3956D46DE8}") = "Task2", "Task2", "{28F264B8-428F-41A9-80AC-59CBAFD721DB}"
EndProject
Project("{FAE04EC0-301F-11D3-BF4B-00C04F79EFBC}") = "Tyuiu.SmirnovIA.Sprint1.Task2.V18", "Tyuiu.SmirnovIA.Sprint1.Task2.V18\Tyuiu.SmirnovIA.Sprint1.Task2.V18.csproj", "{D1A88BF7-8A98-4D25-AFC6-45C8243D566F}"
EndProject
Project("{FAE04EC0-301F-11D3-BF4B-00C04F79EFBC}") = "Tyuiu.SmirnovIA.Sprint1.Task2.V18.Lib", "Tyuiu.SmirnovIA.Sprint1.Task2.V18.Lib\Tyuiu.SmirnovIA.Sprint1.Task2.V18.Lib.csproj", "{1E1FEDD7-048C-4003-8AE7-6EE9463FFFFD}"
EndProject
Project("{FAE04EC0-301F-11D3-BF4B-00C04F79EFBC}") = "Tyuiu.SmirnovIA.Sprint1.Task2.V18.Test", "Tyuiu.SmirnovIA.Sprint1.Task2.V18.Test\Tyuiu.SmirnovIA.Sprint1.Task2.V18.Test.csproj", "{B55AE244-13CD-4463-8609-9118AE2B3D97}"
EndProject
Project("{2150E333-8FDC-42A3-9474-1A3956D46DE8}") = "Task3", "Task3", "{D295C17D-FCD4-4DD7-BF63-D8C8EE89E89F}"
EndProject
Project("{FAE04EC0-301F-11D3-BF4B-00C04F79EFBC}") = "Tyuiu.SmirnovIA.Sprint1.Task3.V10", "Tyuiu.SmirnovIA.Sprint1.Task3.V10\Tyuiu.SmirnovIA.Sprint1.Task3.V10.csproj", "{94CFA6EA-3723-40D5-AB16-3A53D9722301}"
EndProject
Project("{FAE04EC0-301F-11D3-BF4B-00C04F79EFBC}") = "Tyuiu.SmirnovIA.Sprint1.Task3.V10.Lib", "Tyuiu.SmirnovIA.Sprint1.Task3.V10.Lib\Tyuiu.SmirnovIA.Sprint1.Task3.V10.Lib.csproj", "{AAD97B05-A3A1-4382-9FB3-50D16EEBA96C}"
EndProject
Project("{FAE04EC0-301F-11D3-BF4B-00C04F79EFBC}") = "Tyuiu.SmirnovIA.Sprint1.Task3.V10.Test", "Tyuiu.SmirnovIA.Sprint1.Task3.V10.Test\Tyuiu.SmirnovIA.Sprint1.Task3.V10.Test.csproj", "{3039B3B0-3C62-4260-B823-CD3054F14A2F}"
EndProject
Project("{2150E333-8FDC-42A3-9474-1A3956D46DE8}") = "Task4", "Task4", "{61D583A5-CBF0-43D2-A387-951F67ADA279}"
EndProject
Project("{FAE04EC0-301F-11D3-BF4B-00C04F79EFBC}") = "Tyuiu.SmirnovIA.Sprint1.Task4.V11", "Tyuiu.SmirnovIA.Sprint1.Task4.V11\Tyuiu.SmirnovIA.Sprint1.Task4.V11.csproj", "{3EB575A7-DC50-4E3E-AF44-18643539CA7F}"
EndProject
Project("{FAE04EC0-301F-11D3-BF4B-00C04F79EFBC}") = "Tyuiu.SmirnovIA.Sprint1.Task4.V11.Lib", "Tyuiu.SmirnovIA.Sprint1.Task4.V11.Lib\Tyuiu.SmirnovIA.Sprint1.Task4.V11.Lib.csproj", "{C8219824-3A1D-4B4A-BA93-D11FAC5DECF0}"
EndProject
Project("{FAE04EC0-301F-11D3-BF4B-00C04F79EFBC}") = "Tyuiu.SmirnovIA.Sprint1.Task4.V11.Test", "Tyuiu.SmirnovIA.Sprint1.Task4.V11.Test\Tyuiu.SmirnovIA.Sprint1.Task4.V11.Test.csproj", "{1F251C8B-EBF1-4B48-93AD-6E3BFE3C9418}"
EndProject
Project("{2150E333-8FDC-42A3-9474-1A3956D46DE8}") = "Task5", "Task5", "{C62801AB-6961-478E-98B7-F691D88F18A2}"
EndProject
Project("{FAE04EC0-301F-11D3-BF4B-00C04F79EFBC}") = "Tyuiu.SmirnovIA.Sprint1.Task5.V4", "Tyuiu.SmirnovIA.Sprint1.Task5.V4\Tyuiu.SmirnovIA.Sprint1.Task5.V4.csproj", "{8E14E871-AFE9-4F4F-BC7D-C65BDDED06BD}"
EndProject
Project("{FAE04EC0-301F-11D3-BF4B-00C04F79EFBC}") = "Tyuiu.SmirnovIA.Sprint1.Task5.V4.Lib", "Tyuiu.SmirnovIA.Sprint1.Task5.V4.Lib\Tyuiu.SmirnovIA.Sprint1.Task5.V4.Lib.csproj", "{1DE2ACA1-28F4-464D-9001-B58722287CFC}"
EndProject
Project("{FAE04EC0-301F-11D3-BF4B-00C04F79EFBC}") = "Tyuiu.SmirnovIA.Sprint1.Task5.V4.Test", "Tyuiu.SmirnovIA.Sprint1.Task5.V4.Test\Tyuiu.SmirnovIA.Sprint1.Task5.V4.Test.csproj", "{0F5C185D-7BC7-4E41-9D6C-BE05B643C6F0}"
EndProject
Project("{2150E333-8FDC-42A3-9474-1A3956D46DE8}") = "Task6", "Task6", "{80959BE4-9D49-4FD7-AF1B-CF46DFEE71C0}"
EndProject
Project("{FAE04EC0-301F-11D3-BF4B-00C04F79EFBC}") = "Tyuiu.SmirnovIA.Sprint1.Task6.V10", "Tyuiu.SmirnovIA.Sprint1.Task6.V10\Tyuiu.SmirnovIA.Sprint1.Task6.V10.csproj", "{CF2FFF73-F553-4553-9577-804E091DCD68}"
EndProject
Project("{FAE04EC0-301F-11D3-BF4B-00C04F79EFBC}") = "Tyuiu.SmirnovIA.Sprint1.Task6.V10.Lib", "Tyuiu.SmirnovIA.Sprint1.Task6.V10.Lib\Tyuiu.SmirnovIA.Sprint1.Task6.V10.Lib.csproj", "{5B5E8B6D-8B69-4178-A505-987577A0FE7B}"
EndProject
Project("{FAE04EC0-301F-11D3-BF4B-00C04F79EFBC}") = "Tyuiu.SmirnovIA.Sprint1.Task6.V10.Test", "Tyuiu.SmirnovIA.Sprint1.Task6.V10.Test\Tyuiu.SmirnovIA.Sprint1.Task6.V10.Test.csproj", "{99DD10BE-E7AC-4BFC-8086-C3E7494F3401}"
EndProject
Project("{2150E333-8FDC-42A3-9474-1A3956D46DE8}") = "Task7", "Task7", "{1DCD2D93-22AF-48BE-94F5-C75DC2AE7E34}"
EndProject
Project("{FAE04EC0-301F-11D3-BF4B-00C04F79EFBC}") = "Tyuiu.SmirnovIA.Sprint1.Task7.V17", "Tyuiu.SmirnovIA.Sprint1.Task7.V17\Tyuiu.SmirnovIA.Sprint1.Task7.V17.csproj", "{E3F47277-993B-4FB7-AA9B-7D00F4E0C73E}"
EndProject
Project("{FAE04EC0-301F-11D3-BF4B-00C04F79EFBC}") = "Tyuiu.SmirnovIA.Sprint1.Task7.V17.Lib", "Tyuiu.SmirnovIA.Sprint1.Task7.V17.Lib\Tyuiu.SmirnovIA.Sprint1.Task7.V17.Lib.csproj", "{1BF4BF05-2F0A-4206-8405-CD96AE8113D4}"
EndProject
Project("{FAE04EC0-301F-11D3-BF4B-00C04F79EFBC}") = "Tyuiu.SmirnovIA.Sprint1.Task7.V17.Test", "Tyuiu.SmirnovIA.Sprint1.Task7.V17.Test\Tyuiu.SmirnovIA.Sprint1.Task7.V17.Test.csproj", "{D867911C-B211-4605-A618-6209DDC5801E}"
EndProject
Global
	GlobalSection(SolutionConfigurationPlatforms) = preSolution
		Debug|Any CPU = Debug|Any CPU
		Release|Any CPU = Release|Any CPU
	EndGlobalSection
	GlobalSection(ProjectConfigurationPlatforms) = postSolution
		{43768570-DD6B-4F7E-A9FE-BC27CDDA947F}.Debug|Any CPU.ActiveCfg = Debug|Any CPU
		{43768570-DD6B-4F7E-A9FE-BC27CDDA947F}.Debug|Any CPU.Build.0 = Debug|Any CPU
		{43768570-DD6B-4F7E-A9FE-BC27CDDA947F}.Release|Any CPU.ActiveCfg = Release|Any CPU
		{43768570-DD6B-4F7E-A9FE-BC27CDDA947F}.Release|Any CPU.Build.0 = Release|Any CPU
		{873ADDC9-C947-41FC-8ABB-1BAEA0FA4E0C}.Debug|Any CPU.ActiveCfg = Debug|Any CPU
		{873ADDC9-C947-41FC-8ABB-1BAEA0FA4E0C}.Debug|Any CPU.Build.0 = Debug|Any CPU
		{873ADDC9-C947-41FC-8ABB-1BAEA0FA4E0C}.Release|Any CPU.ActiveCfg = Release|Any CPU
		{873ADDC9-C947-41FC-8ABB-1BAEA0FA4E0C}.Release|Any CPU.Build.0 = Release|Any CPU
		{1FC758CE-2D23-410A-B813-DCC4A92141F8}.Debug|Any CPU.ActiveCfg = Debug|Any CPU
		{1FC758CE-2D23-410A-B813-DCC4A92141F8}.Debug|Any CPU.Build.0 = Debug|Any CPU
		{1FC758CE-2D23-410A-B813-DCC4A92141F8}.Release|Any CPU.ActiveCfg = Release|Any CPU
		{1FC758CE-2D23-410A-B813-DCC4A92141F8}.Release|Any CPU.Build.0 = Release|Any CPU
		{5385281F-63FC-4CB3-BD53-9ABDBE0B23D5}.Debug|Any CPU.ActiveCfg = Debug|Any CPU
		{5385281F-63FC-4CB3-BD53-9ABDBE0B23D5}.Debug|Any CPU.Build.0 = Debug|Any CPU
		{5385281F-63FC-4CB3-BD53-9ABDBE0B23D5}.Release|Any CPU.ActiveCfg = Release|Any CPU
		{5385281F-63FC-4CB3-BD53-9ABDBE0B23D5}.Release|Any CPU.Build.0 = Release|Any CPU
		{EB3EFC1F-5EBD-41D8-8E19-77910E5AE1F1}.Debug|Any CPU.ActiveCfg = Debug|Any CPU
		{EB3EFC1F-5EBD-41D8-8E19-77910E5AE1F1}.Debug|Any CPU.Build.0 = Debug|Any CPU
		{EB3EFC1F-5EBD-41D8-8E19-77910E5AE1F1}.Release|Any CPU.ActiveCfg = Release|Any CPU
		{EB3EFC1F-5EBD-41D8-8E19-77910E5AE1F1}.Release|Any CPU.Build.0 = Release|Any CPU
		{56AB27A0-BE07-4B23-A91A-55EE7D0409D5}.Debug|Any CPU.ActiveCfg = Debug|Any CPU
		{56AB27A0-BE07-4B23-A91A-55EE7D0409D5}.Debug|Any CPU.Build.0 = Debug|Any CPU
		{56AB27A0-BE07-4B23-A91A-55EE7D0409D5}.Release|Any CPU.ActiveCfg = Release|Any CPU
		{56AB27A0-BE07-4B23-A91A-55EE7D0409D5}.Release|Any CPU.Build.0 = Release|Any CPU
		{D1A88BF7-8A98-4D25-AFC6-45C8243D566F}.Debug|Any CPU.ActiveCfg = Debug|Any CPU
		{D1A88BF7-8A98-4D25-AFC6-45C8243D566F}.Debug|Any CPU.Build.0 = Debug|Any CPU
		{D1A88BF7-8A98-4D25-AFC6-45C8243D566F}.Release|Any CPU.ActiveCfg = Release|Any CPU
		{D1A88BF7-8A98-4D25-AFC6-45C8243D566F}.Release|Any CPU.Build.0 = Release|Any CPU
		{1E1FEDD7-048C-4003-8AE7-6EE9463FFFFD}.Debug|Any CPU.ActiveCfg = Debug|Any CPU
		{1E1FEDD7-048C-4003-8AE7-6EE9463FFFFD}.Debug|Any CPU.Build.0 = Debug|Any CPU
		{1E1FEDD7-048C-4003-8AE7-6EE9463FFFFD}.Release|Any CPU.ActiveCfg = Release|Any CPU
		{1E1FEDD7-048C-4003-8AE7-6EE9463FFFFD}.Release|Any CPU.Build.0 = Release|Any CPU
		{B55AE244-13CD-4463-8609-9118AE2B3D97}.Debug|Any CPU.ActiveCfg = Debug|Any CPU
		{B55AE244-13CD-4463-8609-9118AE2B3D97}.Debug|Any CPU.Build.0 = Debug|Any CPU
		{B55AE244-13CD-4463-8609-9118AE2B3D97}.Release|Any CPU.ActiveCfg = Release|Any CPU
		{B55AE244-13CD-4463-8609-9118AE2B3D97}.Release|Any CPU.Build.0 = Release|Any CPU
		{94CFA6EA-3723-40D5-AB16-3A53D9722301}.Debug|Any CPU.ActiveCfg = Debug|Any CPU
		{94CFA6EA-3723-40D5-AB16-3A53D9722301}.Debug|Any CPU.Build.0 = Debug|Any CPU
		{94CFA6EA-3723-40D5-AB16-3A53D9722301}.Release|Any CPU.ActiveCfg = Release|Any CPU
		{94CFA6EA-3723-40D5-AB16-3A53D9722301}.Release|Any CPU.Build.0 = Release|Any CPU
		{AAD97B05-A3A1-4382-9FB3-50D16EEBA96C}.Debug|Any CPU.ActiveCfg = Debug|Any CPU
		{AAD97B05-A3A1-4382-9FB3-50D16EEBA96C}.Debug|Any CPU.Build.0 = Debug|Any CPU
		{AAD97B05-A3A1-4382-9FB3-50D16EEBA96C}.Release|Any CPU.ActiveCfg = Release|Any CPU
		{AAD97B05-A3A1-4382-9FB3-50D16EEBA96C}.Release|Any CPU.Build.0 = Release|Any CPU
		{3039B3B0-3C62-4260-B823-CD3054F14A2F}.Debug|Any CPU.ActiveCfg = Debug|Any CPU
		{3039B3B0-3C62-4260-B823-CD3054F14A2F}.Debug|Any CPU.Build.0 = Debug|Any CPU
		{3039B3B0-3C62-4260-B823-CD3054F14A2F}.Release|Any CPU.ActiveCfg = Release|Any CPU
		{3039B3B0-3C62-4260-B823-CD3054F14A2F}.Release|Any CPU.Build.0 = Release|Any CPU
		{3EB575A7-DC50-4E3E-AF44-18643539CA7F}.Debug|Any CPU.ActiveCfg = Debug|Any CPU
		{3EB575A7-DC50-4E3E-AF44-18643539CA7F}.Debug|Any CPU.Build.0 = Debug|Any CPU
		{3EB575A7-DC50-4E3E-AF44-18643539CA7F}.Release|Any CPU.ActiveCfg = Release|Any CPU
		{3EB575A7-DC50-4E3E-AF44-18643539CA7F}.Release|Any CPU.Build.0 = Release|Any CPU
		{C8219824-3A1D-4B4A-BA93-D11FAC5DECF0}.Debug|Any CPU.ActiveCfg = Debug|Any CPU
		{C8219824-3A1D-4B4A-BA93-D11FAC5DECF0}.Debug|Any CPU.Build.0 = Debug|Any CPU
		{C8219824-3A1D-4B4A-BA93-D11FAC5DECF0}.Release|Any CPU.ActiveCfg = Release|Any CPU
		{C8219824-3A1D-4B4A-BA93-D11FAC5DECF0}.Release|Any CPU.Build.0 = Release|Any CPU
		{1F251C8B-EBF1-4B48-93AD-6E3BFE3C9418}.Debug|Any CPU.ActiveCfg = Debug|Any CPU
		{1F251C8B-EBF1-4B48-93AD-6E3BFE3C9418}.Debug|Any CPU.Build.0 = Debug|Any CPU
		{1F251C8B-EBF1-4B48-93AD-6E3BFE3C9418}.Release|Any CPU.ActiveCfg = Release|Any CPU
		{1F251C8B-EBF1-4B48-93AD-6E3BFE3C9418}.Release|Any CPU.Build.0 = Release|Any CPU
		{8E14E871-AFE9-4F4F-BC7D-C65BDDED06BD}.Debug|Any CPU.ActiveCfg = Debug|Any CPU
		{8E14E871-AFE9-4F4F-BC7D-C65BDDED06BD}.Debug|Any CPU.Build.0 = Debug|Any CPU
		{8E14E871-AFE9-4F4F-BC7D-C65BDDED06BD}.Release|Any CPU.ActiveCfg = Release|Any CPU
		{8E14E871-AFE9-4F4F-BC7D-C65BDDED06BD}.Release|Any CPU.Build.0 = Release|Any CPU
		{1DE2ACA1-28F4-464D-9001-B58722287CFC}.Debug|Any CPU.ActiveCfg = Debug|Any CPU
		{1DE2ACA1-28F4-464D-9001-B58722287CFC}.Debug|Any CPU.Build.0 = Debug|Any CPU
		{1DE2ACA1-28F4-464D-9001-B58722287CFC}.Release|Any CPU.ActiveCfg = Release|Any CPU
		{1DE2ACA1-28F4-464D-9001-B58722287CFC}.Release|Any CPU.Build.0 = Release|Any CPU
		{0F5C185D-7BC7-4E41-9D6C-BE05B643C6F0}.Debug|Any CPU.ActiveCfg = Debug|Any CPU
		{0F5C185D-7BC7-4E41-9D6C-BE05B643C6F0}.Debug|Any CPU.Build.0 = Debug|Any CPU
		{0F5C185D-7BC7-4E41-9D6C-BE05B643C6F0}.Release|Any CPU.ActiveCfg = Release|Any CPU
		{0F5C185D-7BC7-4E41-9D6C-BE05B643C6F0}.Release|Any CPU.Build.0 = Release|Any CPU
		{CF2FFF73-F553-4553-9577-804E091DCD68}.Debug|Any CPU.ActiveCfg = Debug|Any CPU
		{CF2FFF73-F553-4553-9577-804E091DCD68}.Debug|Any CPU.Build.0 = Debug|Any CPU
		{CF2FFF73-F553-4553-9577-804E091DCD68}.Release|Any CPU.ActiveCfg = Release|Any CPU
		{CF2FFF73-F553-4553-9577-804E091DCD68}.Release|Any CPU.Build.0 = Release|Any CPU
		{5B5E8B6D-8B69-4178-A505-987577A0FE7B}.Debug|Any CPU.ActiveCfg = Debug|Any CPU
		{5B5E8B6D-8B69-4178-A505-987577A0FE7B}.Debug|Any CPU.Build.0 = Debug|Any CPU
		{5B5E8B6D-8B69-4178-A505-987577A0FE7B}.Release|Any CPU.ActiveCfg = Release|Any CPU
		{5B5E8B6D-8B69-4178-A505-987577A0FE7B}.Release|Any CPU.Build.0 = Release|Any CPU
		{99DD10BE-E7AC-4BFC-8086-C3E7494F3401}.Debug|Any CPU.ActiveCfg = Debug|Any CPU
		{99DD10BE-E7AC-4BFC-8086-C3E7494F3401}.Debug|Any CPU.Build.0 = Debug|Any CPU
		{99DD10BE-E7AC-4BFC-8086-C3E7494F3401}.Release|Any CPU.ActiveCfg = Release|Any CPU
		{99DD10BE-E7AC-4BFC-8086-C3E7494F3401}.Release|Any CPU.Build.0 = Release|Any CPU
		{E3F47277-993B-4FB7-AA9B-7D00F4E0C73E}.Debug|Any CPU.ActiveCfg = Debug|Any CPU
		{E3F47277-993B-4FB7-AA9B-7D00F4E0C73E}.Debug|Any CPU.Build.0 = Debug|Any CPU
		{E3F47277-993B-4FB7-AA9B-7D00F4E0C73E}.Release|Any CPU.ActiveCfg = Release|Any CPU
		{E3F47277-993B-4FB7-AA9B-7D00F4E0C73E}.Release|Any CPU.Build.0 = Release|Any CPU
		{1BF4BF05-2F0A-4206-8405-CD96AE8113D4}.Debug|Any CPU.ActiveCfg = Debug|Any CPU
		{1BF4BF05-2F0A-4206-8405-CD96AE8113D4}.Debug|Any CPU.Build.0 = Debug|Any CPU
		{1BF4BF05-2F0A-4206-8405-CD96AE8113D4}.Release|Any CPU.ActiveCfg = Release|Any CPU
		{1BF4BF05-2F0A-4206-8405-CD96AE8113D4}.Release|Any CPU.Build.0 = Release|Any CPU
		{D867911C-B211-4605-A618-6209DDC5801E}.Debug|Any CPU.ActiveCfg = Debug|Any CPU
		{D867911C-B211-4605-A618-6209DDC5801E}.Debug|Any CPU.Build.0 = Debug|Any CPU
		{D867911C-B211-4605-A618-6209DDC5801E}.Release|Any CPU.ActiveCfg = Release|Any CPU
		{D867911C-B211-4605-A618-6209DDC5801E}.Release|Any CPU.Build.0 = Release|Any CPU
	EndGlobalSection
	GlobalSection(SolutionProperties) = preSolution
		HideSolutionNode = FALSE
	EndGlobalSection
	GlobalSection(NestedProjects) = preSolution
		{43768570-DD6B-4F7E-A9FE-BC27CDDA947F} = {A705C9DC-1C75-4FCC-A805-00A70326CCB9}
		{873ADDC9-C947-41FC-8ABB-1BAEA0FA4E0C} = {A705C9DC-1C75-4FCC-A805-00A70326CCB9}
		{1FC758CE-2D23-410A-B813-DCC4A92141F8} = {A705C9DC-1C75-4FCC-A805-00A70326CCB9}
		{5385281F-63FC-4CB3-BD53-9ABDBE0B23D5} = {FC498E80-F9D4-483C-861F-30D00C93B77B}
		{EB3EFC1F-5EBD-41D8-8E19-77910E5AE1F1} = {FC498E80-F9D4-483C-861F-30D00C93B77B}
		{56AB27A0-BE07-4B23-A91A-55EE7D0409D5} = {FC498E80-F9D4-483C-861F-30D00C93B77B}
		{D1A88BF7-8A98-4D25-AFC6-45C8243D566F} = {28F264B8-428F-41A9-80AC-59CBAFD721DB}
		{1E1FEDD7-048C-4003-8AE7-6EE9463FFFFD} = {28F264B8-428F-41A9-80AC-59CBAFD721DB}
		{B55AE244-13CD-4463-8609-9118AE2B3D97} = {28F264B8-428F-41A9-80AC-59CBAFD721DB}
		{94CFA6EA-3723-40D5-AB16-3A53D9722301} = {D295C17D-FCD4-4DD7-BF63-D8C8EE89E89F}
		{AAD97B05-A3A1-4382-9FB3-50D16EEBA96C} = {D295C17D-FCD4-4DD7-BF63-D8C8EE89E89F}
		{3039B3B0-3C62-4260-B823-CD3054F14A2F} = {D295C17D-FCD4-4DD7-BF63-D8C8EE89E89F}
		{3EB575A7-DC50-4E3E-AF44-18643539CA7F} = {61D583A5-CBF0-43D2-A387-951F67ADA279}
		{C8219824-3A1D-4B4A-BA93-D11FAC5DECF0} = {61D583A5-CBF0-43D2-A387-951F67ADA279}
		{1F251C8B-EBF1-4B48-93AD-6E3BFE3C9418} = {61D583A5-CBF0-43D2-A387-951F67ADA279}
		{8E14E871-AFE9-4F4F-BC7D-C65BDDED06BD} = {C62801AB-6961-478E-98B7-F691D88F18A2}
		{1DE2ACA1-28F4-464D-9001-B58722287CFC} = {C62801AB-6961-478E-98B7-F691D88F18A2}
		{0F5C185D-7BC7-4E41-9D6C-BE05B643C6F0} = {C62801AB-6961-478E-98B7-F691D88F18A2}
		{CF2FFF73-F553-4553-9577-804E091DCD68} = {80959BE4-9D49-4FD7-AF1B-CF46DFEE71C0}
		{5B5E8B6D-8B69-4178-A505-987577A0FE7B} = {80959BE4-9D49-4FD7-AF1B-CF46DFEE71C0}
		{99DD10BE-E7AC-4BFC-8086-C3E7494F3401} = {80959BE4-9D49-4FD7-AF1B-CF46DFEE71C0}
		{E3F47277-993B-4FB7-AA9B-7D00F4E0C73E} = {1DCD2D93-22AF-48BE-94F5-C75DC2AE7E34}
		{1BF4BF05-2F0A-4206-8405-CD96AE8113D4} = {1DCD2D93-22AF-48BE-94F5-C75DC2AE7E34}
		{D867911C-B211-4605-A618-6209DDC5801E} = {1DCD2D93-22AF-48BE-94F5-C75DC2AE7E34}
	EndGlobalSection
	GlobalSection(ExtensibilityGlobals) = postSolution
		SolutionGuid = {021276E9-E625-4D79-BC17-197B787E362D}
	EndGlobalSection
EndGlobal
